
Microsoft Visual Studio Solution File, Format Version 12.00
# Visual Studio Version 16
VisualStudioVersion = 16.0.29230.47
MinimumVisualStudioVersion = 10.0.40219.1
Project("{FAE04EC0-301F-11D3-BF4B-00C04F79EFBC}") = "print-series-n-terms", "print-series-n-terms.csproj", "{552F1446-7416-4D18-A710-6D99B8DAA015}"
EndProject
Global
	GlobalSection(SolutionConfigurationPlatforms) = preSolution
		Debug|Any CPU = Debug|Any CPU
		Release|Any CPU = Release|Any CPU
	EndGlobalSection
	GlobalSection(ProjectConfigurationPlatforms) = postSolution
		{552F1446-7416-4D18-A710-6D99B8DAA015}.Debug|Any CPU.ActiveCfg = Debug|Any CPU
		{552F1446-7416-4D18-A710-6D99B8DAA015}.Debug|Any CPU.Build.0 = Debug|Any CPU
		{552F1446-7416-4D18-A710-6D99B8DAA015}.Release|Any CPU.ActiveCfg = Release|Any CPU
		{552F1446-7416-4D18-A710-6D99B8DAA015}.Release|Any CPU.Build.0 = Release|Any CPU
	EndGlobalSection
	GlobalSection(SolutionProperties) = preSolution
		HideSolutionNode = FALSE
	EndGlobalSection
	GlobalSection(ExtensibilityGlobals) = postSolution
		SolutionGuid = {E34BB132-6019-4F8E-A342-3F8D8D4C2431}
	EndGlobalSection
EndGlobal
